#MicroXplorer Configuration settings - do not modify
Mcu.Family=STM32F1
ProjectManager.MainLocation=Src
FREERTOS.Queues01=advanceQueue,10,uint16_t,0,Dynamic,NULL,NULL
ProjectManager.ProjectFileName=DUAL_Encoder.ioc
FREERTOS.Tasks01=mainTask,0,128,StartMainTask,Default,NULL,Dynamic,NULL,NULL;task_100ms,-3,128,Starttask_100ms,Default,NULL,Dynamic,NULL,NULL
NVIC.DMA1_Channel5_IRQn=true\:5\:0\:false\:false\:true\:true\:false\:true
Dma.USART1_RX.0.PeriphDataAlignment=DMA_PDATAALIGN_BYTE
ProjectManager.KeepUserCode=true
PA10.Mode=Asynchronous
Mcu.UserName=STM32F103C8Tx
Mcu.PinsNb=11
ProjectManager.NoMain=false
USART1.BaudRate=4800
RCC.PLLCLKFreq_Value=8000000
PC13-TAMPER-RTC.GPIOParameters=GPIO_Label
USART1.WordLength=WORDLENGTH_8B
ProjectManager.functionlistsort=1-MX_GPIO_Init-GPIO-false-HAL-true,2-MX_DMA_Init-DMA-false-HAL-true,3-SystemClock_Config-RCC-false-HAL-false,4-MX_TIM2_Init-TIM2-false-HAL-true,5-MX_USART1_UART_Init-USART1-false-HAL-true
PC13-TAMPER-RTC.Signal=GPIO_Output
PA3.GPIOParameters=GPIO_Label
ProjectManager.DefaultFWLocation=true
NVIC.TIM1_UP_IRQn=true\:0\:0\:false\:false\:true\:false\:false\:true
ProjectManager.DeletePrevious=true
USART1.IPParameters=VirtualMode,BaudRate,WordLength,Mode
PA2.GPIOParameters=GPIO_Label
SH.S_TIM2_CH1_ETR.ConfNb=1
PinOutPanel.RotationAngle=0
RCC.FamilyName=M
ProjectManager.StackSize=0x400
PA0-WKUP.GPIO_Label=TIM2_A
PA0-WKUP.Signal=S_TIM2_CH1_ETR
PA13.Signal=SYS_JTMS-SWDIO
Mcu.IP4=SYS
Mcu.IP5=TIM2
VP_FREERTOS_VS_CMSIS_V1.Signal=FREERTOS_VS_CMSIS_V1
Mcu.IP2=NVIC
NVIC.SVCall_IRQn=true\:0\:0\:false\:false\:false\:false\:false\:false
Mcu.IP3=RCC
SH.S_TIM2_CH2.0=TIM2_CH2,Encoder_Interface
Mcu.IP0=DMA
Mcu.IP1=FREERTOS
PA9.Mode=Asynchronous
Mcu.UserConstants=
ProjectManager.TargetToolchain=STM32CubeIDE
Mcu.ThirdPartyNb=0
Dma.USART1_RX.0.Direction=DMA_PERIPH_TO_MEMORY
Mcu.IPNb=7
ProjectManager.PreviousToolchain=
PA9.Signal=USART1_TX
SH.S_TIM2_CH2.ConfNb=1
Mcu.Pin6=PA10
Mcu.Pin7=PA13
PC13-TAMPER-RTC.Locked=true
Mcu.Pin8=PA14
Mcu.Pin9=VP_FREERTOS_VS_CMSIS_V1
FREERTOS.IPParameters=Tasks01,FootprintOK,Queues01
PA1.Signal=S_TIM2_CH2
Dma.USART1_RX.0.PeriphInc=DMA_PINC_DISABLE
Dma.USART1_RX.0.Priority=DMA_PRIORITY_LOW
Mcu.Pin0=PC13-TAMPER-RTC
Mcu.Pin1=PA0-WKUP
Mcu.Pin2=PA1
Mcu.Pin3=PA2
PA0-WKUP.GPIOParameters=GPIO_Label
Mcu.Pin4=PA3
Mcu.Pin5=PA9
ProjectManager.ProjectBuild=false
NVIC.UsageFault_IRQn=true\:0\:0\:false\:false\:true\:false\:false\:false
NVIC.DebugMonitor_IRQn=true\:0\:0\:false\:false\:true\:false\:false\:false
board=custom
NVIC.SysTick_IRQn=true\:15\:0\:false\:false\:false\:true\:false\:true
ProjectManager.LastFirmware=true
PC13-TAMPER-RTC.GPIO_Label=GREEN_LED
ProjectManager.FirmwarePackage=STM32Cube FW_F1 V1.8.0
MxDb.Version=DB.5.0.60
RCC.APB2Freq_Value=8000000
PA1.GPIOParameters=GPIO_Label
ProjectManager.BackupPrevious=false
MxCube.Version=5.6.1
USART1.Mode=MODE_RX
VP_SYS_VS_tim1.Signal=SYS_VS_tim1
PA14.Mode=Serial_Wire
VP_SYS_VS_tim1.Mode=TIM1
File.Version=6
PA1.GPIO_Label=TIM2_B
Dma.USART1_RX.0.MemDataAlignment=DMA_MDATAALIGN_BYTE
NVIC.NonMaskableInt_IRQn=true\:0\:0\:false\:false\:true\:false\:false\:false
NVIC.PendSV_IRQn=true\:15\:0\:false\:false\:false\:true\:false\:false
VP_FREERTOS_VS_CMSIS_V1.Mode=CMSIS_V1
Dma.USART1_RX.0.MemInc=DMA_MINC_ENABLE
PA13.Mode=Serial_Wire
ProjectManager.FreePins=false
RCC.IPParameters=APB1Freq_Value,APB2Freq_Value,FamilyName,PLLCLKFreq_Value,PLLMCOFreq_Value,TimSysFreq_Value
ProjectManager.AskForMigrate=true
Mcu.Name=STM32F103C(8-B)Tx
Dma.RequestsNb=1
ProjectManager.HalAssertFull=false
PA2.Signal=GPIO_Output
ProjectManager.ProjectName=DUAL_Encoder
ProjectManager.UnderRoot=true
Mcu.IP6=USART1
RCC.PLLMCOFreq_Value=4000000
ProjectManager.CoupleFile=false
Mcu.Package=LQFP48
RCC.TimSysFreq_Value=8000000
PA3.Locked=true
NVIC.TimeBase=TIM1_UP_IRQn
NVIC.ForceEnableDMAVector=true
KeepUserPlacement=false
NVIC.MemoryManagement_IRQn=true\:0\:0\:false\:false\:true\:false\:false\:false
USART1.VirtualMode=VM_ASYNC
ProjectManager.CompilerOptimize=6
ProjectManager.ToolChainLocation=
PA2.GPIO_Label=DRO_A
Dma.USART1_RX.0.RequestParameters=Instance,Direction,PeriphInc,MemInc,PeriphDataAlignment,MemDataAlignment,Mode,Priority
SH.S_TIM2_CH1_ETR.0=TIM2_CH1,Encoder_Interface
NVIC.TimeBaseIP=TIM1
PA10.Signal=USART1_RX
PA14.Signal=SYS_JTCK-SWCLK
FREERTOS.FootprintOK=true
ProjectManager.HeapSize=0x200
NVIC.HardFault_IRQn=true\:0\:0\:false\:false\:true\:false\:false\:false
ProjectManager.ComputerToolchain=false
NVIC.PriorityGroup=NVIC_PRIORITYGROUP_4
Mcu.Pin10=VP_SYS_VS_tim1
NVIC.BusFault_IRQn=true\:0\:0\:false\:false\:true\:false\:false\:false
Dma.USART1_RX.0.Mode=DMA_NORMAL
Dma.Request0=USART1_RX
RCC.APB1Freq_Value=8000000
Dma.USART1_RX.0.Instance=DMA1_Channel5
ProjectManager.CustomerFirmwarePackage=
ProjectManager.DeviceId=STM32F103C8Tx
ProjectManager.LibraryCopy=1
PA3.GPIO_Label=DRO_B
PA3.Signal=GPIO_Output
PA2.Locked=true
isbadioc=false
